
Microsoft Visual Studio Solution File, Format Version 12.00
# Visual Studio Version 16
VisualStudioVersion = 16.0.30011.22
MinimumVisualStudioVersion = 10.0.40219.1
Project("{2150E333-8FDC-42A3-9474-1A3956D46DE8}") = "src", "src", "{CAD14895-A9CE-4EA4-891D-6D53A568201F}"
EndProject
Project("{2150E333-8FDC-42A3-9474-1A3956D46DE8}") = "test", "test", "{DE3DCF60-A9D8-49AD-A1B0-FA5C49D9DBB5}"
EndProject
Project("{9A19103F-16F7-4668-BE54-9A1E7A4F7556}") = "TestFramework", "src\TestFramework\TestFramework.csproj", "{7FFB3049-8314-4803-8A14-81F3DA6FBF75}"
EndProject
Project("{9A19103F-16F7-4668-BE54-9A1E7A4F7556}") = "TestFramework.Test", "test\TestFramework.Test\TestFramework.Test.csproj", "{1283DB6F-FCD7-4492-976D-DFBF99C6ABE1}"
EndProject
Project("{9A19103F-16F7-4668-BE54-9A1E7A4F7556}") = "TestFramework.Data", "src\TestFramework.Data\TestFramework.Data.csproj", "{3B461023-02F0-4756-A52C-E6D12BE6E203}"
EndProject
Project("{9A19103F-16F7-4668-BE54-9A1E7A4F7556}") = "TestFramework.Moq", "src\TestFramework.Moq\TestFramework.Moq.csproj", "{8FC40358-CA14-40A2-80EB-D8EA0849C78F}"
EndProject
Project("{9A19103F-16F7-4668-BE54-9A1E7A4F7556}") = "TestFramework.Resolve", "src\TestFramework.Resolve\TestFramework.Resolve.csproj", "{E3764A21-49F4-4B1D-B8F4-2279FE56D981}"
EndProject
Global
	GlobalSection(SolutionConfigurationPlatforms) = preSolution
		Debug|Any CPU = Debug|Any CPU
		Release|Any CPU = Release|Any CPU
	EndGlobalSection
	GlobalSection(ProjectConfigurationPlatforms) = postSolution
		{7FFB3049-8314-4803-8A14-81F3DA6FBF75}.Debug|Any CPU.ActiveCfg = Debug|Any CPU
		{7FFB3049-8314-4803-8A14-81F3DA6FBF75}.Debug|Any CPU.Build.0 = Debug|Any CPU
		{7FFB3049-8314-4803-8A14-81F3DA6FBF75}.Release|Any CPU.ActiveCfg = Release|Any CPU
		{7FFB3049-8314-4803-8A14-81F3DA6FBF75}.Release|Any CPU.Build.0 = Release|Any CPU
		{1283DB6F-FCD7-4492-976D-DFBF99C6ABE1}.Debug|Any CPU.ActiveCfg = Debug|Any CPU
		{1283DB6F-FCD7-4492-976D-DFBF99C6ABE1}.Debug|Any CPU.Build.0 = Debug|Any CPU
		{1283DB6F-FCD7-4492-976D-DFBF99C6ABE1}.Release|Any CPU.ActiveCfg = Release|Any CPU
		{1283DB6F-FCD7-4492-976D-DFBF99C6ABE1}.Release|Any CPU.Build.0 = Release|Any CPU
		{3B461023-02F0-4756-A52C-E6D12BE6E203}.Debug|Any CPU.ActiveCfg = Debug|Any CPU
		{3B461023-02F0-4756-A52C-E6D12BE6E203}.Debug|Any CPU.Build.0 = Debug|Any CPU
		{3B461023-02F0-4756-A52C-E6D12BE6E203}.Release|Any CPU.ActiveCfg = Release|Any CPU
		{3B461023-02F0-4756-A52C-E6D12BE6E203}.Release|Any CPU.Build.0 = Release|Any CPU
		{8FC40358-CA14-40A2-80EB-D8EA0849C78F}.Debug|Any CPU.ActiveCfg = Debug|Any CPU
		{8FC40358-CA14-40A2-80EB-D8EA0849C78F}.Debug|Any CPU.Build.0 = Debug|Any CPU
		{8FC40358-CA14-40A2-80EB-D8EA0849C78F}.Release|Any CPU.ActiveCfg = Release|Any CPU
		{8FC40358-CA14-40A2-80EB-D8EA0849C78F}.Release|Any CPU.Build.0 = Release|Any CPU
		{E3764A21-49F4-4B1D-B8F4-2279FE56D981}.Debug|Any CPU.ActiveCfg = Debug|Any CPU
		{E3764A21-49F4-4B1D-B8F4-2279FE56D981}.Debug|Any CPU.Build.0 = Debug|Any CPU
		{E3764A21-49F4-4B1D-B8F4-2279FE56D981}.Release|Any CPU.ActiveCfg = Release|Any CPU
		{E3764A21-49F4-4B1D-B8F4-2279FE56D981}.Release|Any CPU.Build.0 = Release|Any CPU
	EndGlobalSection
	GlobalSection(SolutionProperties) = preSolution
		HideSolutionNode = FALSE
	EndGlobalSection
	GlobalSection(NestedProjects) = preSolution
		{7FFB3049-8314-4803-8A14-81F3DA6FBF75} = {CAD14895-A9CE-4EA4-891D-6D53A568201F}
		{1283DB6F-FCD7-4492-976D-DFBF99C6ABE1} = {DE3DCF60-A9D8-49AD-A1B0-FA5C49D9DBB5}
		{3B461023-02F0-4756-A52C-E6D12BE6E203} = {CAD14895-A9CE-4EA4-891D-6D53A568201F}
		{8FC40358-CA14-40A2-80EB-D8EA0849C78F} = {CAD14895-A9CE-4EA4-891D-6D53A568201F}
		{E3764A21-49F4-4B1D-B8F4-2279FE56D981} = {CAD14895-A9CE-4EA4-891D-6D53A568201F}
	EndGlobalSection
	GlobalSection(ExtensibilityGlobals) = postSolution
		SolutionGuid = {504FE579-D404-4A27-BA85-B00149216C9E}
	EndGlobalSection
EndGlobal
