
Microsoft Visual Studio Solution File, Format Version 12.00
# Visual Studio Version 16
VisualStudioVersion = 16.0.30011.22
MinimumVisualStudioVersion = 10.0.40219.1
Project("{2150E333-8FDC-42A3-9474-1A3956D46DE8}") = "src", "src", "{CAD14895-A9CE-4EA4-891D-6D53A568201F}"
EndProject
Project("{2150E333-8FDC-42A3-9474-1A3956D46DE8}") = "test", "test", "{DE3DCF60-A9D8-49AD-A1B0-FA5C49D9DBB5}"
EndProject
Project("{FAE04EC0-301F-11D3-BF4B-00C04F79EFBC}") = "TestFramework", "src\TestFramework\TestFramework.csproj", "{7FFB3049-8314-4803-8A14-81F3DA6FBF75}"
EndProject
Project("{FAE04EC0-301F-11D3-BF4B-00C04F79EFBC}") = "TestFramework.Test", "test\TestFramework.Test\TestFramework.Test.csproj", "{1283DB6F-FCD7-4492-976D-DFBF99C6ABE1}"
EndProject
Global
	GlobalSection(SolutionConfigurationPlatforms) = preSolution
		Debug|Any CPU = Debug|Any CPU
		Release|Any CPU = Release|Any CPU
	EndGlobalSection
	GlobalSection(ProjectConfigurationPlatforms) = postSolution
		{7FFB3049-8314-4803-8A14-81F3DA6FBF75}.Debug|Any CPU.ActiveCfg = Debug|Any CPU
		{7FFB3049-8314-4803-8A14-81F3DA6FBF75}.Debug|Any CPU.Build.0 = Debug|Any CPU
		{7FFB3049-8314-4803-8A14-81F3DA6FBF75}.Release|Any CPU.ActiveCfg = Release|Any CPU
		{7FFB3049-8314-4803-8A14-81F3DA6FBF75}.Release|Any CPU.Build.0 = Release|Any CPU
		{1283DB6F-FCD7-4492-976D-DFBF99C6ABE1}.Debug|Any CPU.ActiveCfg = Debug|Any CPU
		{1283DB6F-FCD7-4492-976D-DFBF99C6ABE1}.Debug|Any CPU.Build.0 = Debug|Any CPU
		{1283DB6F-FCD7-4492-976D-DFBF99C6ABE1}.Release|Any CPU.ActiveCfg = Release|Any CPU
		{1283DB6F-FCD7-4492-976D-DFBF99C6ABE1}.Release|Any CPU.Build.0 = Release|Any CPU
	EndGlobalSection
	GlobalSection(SolutionProperties) = preSolution
		HideSolutionNode = FALSE
	EndGlobalSection
	GlobalSection(NestedProjects) = preSolution
		{7FFB3049-8314-4803-8A14-81F3DA6FBF75} = {CAD14895-A9CE-4EA4-891D-6D53A568201F}
		{1283DB6F-FCD7-4492-976D-DFBF99C6ABE1} = {DE3DCF60-A9D8-49AD-A1B0-FA5C49D9DBB5}
	EndGlobalSection
	GlobalSection(ExtensibilityGlobals) = postSolution
		SolutionGuid = {504FE579-D404-4A27-BA85-B00149216C9E}
	EndGlobalSection
EndGlobal
